
Microsoft Visual Studio Solution File, Format Version 12.00
# Visual Studio Version 16
VisualStudioVersion = 16.0.810.9
MinimumVisualStudioVersion = 10.0.40219.1
Project("{FAE04EC0-301F-11D3-BF4B-00C04F79EFBC}") = "VisualSearchEjemplo", "VisualSearchEjemplo\VisualSearchEjemplo.csproj", "{23053920-C2A3-4C69-8EFB-73423DB72BE2}"
EndProject
Global
	GlobalSection(SolutionConfigurationPlatforms) = preSolution
		Debug|Any CPU = Debug|Any CPU
		Release|Any CPU = Release|Any CPU
	EndGlobalSection
	GlobalSection(ProjectConfigurationPlatforms) = postSolution
		{23053920-C2A3-4C69-8EFB-73423DB72BE2}.Debug|Any CPU.ActiveCfg = Debug|Any CPU
		{23053920-C2A3-4C69-8EFB-73423DB72BE2}.Debug|Any CPU.Build.0 = Debug|Any CPU
		{23053920-C2A3-4C69-8EFB-73423DB72BE2}.Release|Any CPU.ActiveCfg = Release|Any CPU
		{23053920-C2A3-4C69-8EFB-73423DB72BE2}.Release|Any CPU.Build.0 = Release|Any CPU
	EndGlobalSection
	GlobalSection(SolutionProperties) = preSolution
		HideSolutionNode = FALSE
	EndGlobalSection
	GlobalSection(ExtensibilityGlobals) = postSolution
		SolutionGuid = {322D5547-72CA-49AB-B3E2-7DC64E131BE4}
	EndGlobalSection
EndGlobal
